// !$*UTF8*$!
{
	archiveVersion = 1;
	classes = {
	};
	objectVersion = 56;
	objects = {

/* Begin PBXBuildFile section */
		BB10BAF72A49E198003C91E4 /* AppDelegate.swift in Sources */ = {isa = PBXBuildFile; fileRef = BB10BAF62A49E198003C91E4 /* AppDelegate.swift */; };
		BB10BAF92A49E198003C91E4 /* SceneDelegate.swift in Sources */ = {isa = PBXBuildFile; fileRef = BB10BAF82A49E198003C91E4 /* SceneDelegate.swift */; };
		BB10BAFB2A49E198003C91E4 /* SearchController.swift in Sources */ = {isa = PBXBuildFile; fileRef = BB10BAFA2A49E198003C91E4 /* SearchController.swift */; };
		BB10BB002A49E199003C91E4 /* Assets.xcassets in Resources */ = {isa = PBXBuildFile; fileRef = BB10BAFF2A49E199003C91E4 /* Assets.xcassets */; };
		BB10BB032A49E199003C91E4 /* LaunchScreen.storyboard in Resources */ = {isa = PBXBuildFile; fileRef = BB10BB012A49E199003C91E4 /* LaunchScreen.storyboard */; };
		BB10BB0E2A49E199003C91E4 /* MBNTests.swift in Sources */ = {isa = PBXBuildFile; fileRef = BB10BB0D2A49E199003C91E4 /* MBNTests.swift */; };
		BB10BB3A2A4B3C5E003C91E4 /* Hinario.swift in Sources */ = {isa = PBXBuildFile; fileRef = BB10BB392A4B3C5E003C91E4 /* Hinario.swift */; };
		BB10BB3F2A4B4013003C91E4 /* HinarioDataLoader.swift in Sources */ = {isa = PBXBuildFile; fileRef = BB10BB3E2A4B4013003C91E4 /* HinarioDataLoader.swift */; };
		BB10BB412A4B470A003C91E4 /* hinarioJSON.json in Resources */ = {isa = PBXBuildFile; fileRef = BB10BB402A4B470A003C91E4 /* hinarioJSON.json */; };
		BB10BB432A4B5AD6003C91E4 /* protocols.swift in Sources */ = {isa = PBXBuildFile; fileRef = BB10BB422A4B5AD6003C91E4 /* protocols.swift */; };
		BB10BB472A4C8594003C91E4 /* Paragraph.swift in Sources */ = {isa = PBXBuildFile; fileRef = BB10BB462A4C8594003C91E4 /* Paragraph.swift */; };
/* End PBXBuildFile section */

/* Begin PBXContainerItemProxy section */
		BB10BB0A2A49E199003C91E4 /* PBXContainerItemProxy */ = {
			isa = PBXContainerItemProxy;
			containerPortal = BB10BAEB2A49E198003C91E4 /* Project object */;
			proxyType = 1;
			remoteGlobalIDString = BB10BAF22A49E198003C91E4;
			remoteInfo = MBN;
		};
/* End PBXContainerItemProxy section */

/* Begin PBXFileReference section */
		BB10BAF32A49E198003C91E4 /* MBN.app */ = {isa = PBXFileReference; explicitFileType = wrapper.application; includeInIndex = 0; path = MBN.app; sourceTree = BUILT_PRODUCTS_DIR; };
		BB10BAF62A49E198003C91E4 /* AppDelegate.swift */ = {isa = PBXFileReference; lastKnownFileType = sourcecode.swift; path = AppDelegate.swift; sourceTree = "<group>"; };
		BB10BAF82A49E198003C91E4 /* SceneDelegate.swift */ = {isa = PBXFileReference; lastKnownFileType = sourcecode.swift; path = SceneDelegate.swift; sourceTree = "<group>"; };
		BB10BAFA2A49E198003C91E4 /* SearchController.swift */ = {isa = PBXFileReference; lastKnownFileType = sourcecode.swift; path = SearchController.swift; sourceTree = "<group>"; };
		BB10BAFF2A49E199003C91E4 /* Assets.xcassets */ = {isa = PBXFileReference; lastKnownFileType = folder.assetcatalog; path = Assets.xcassets; sourceTree = "<group>"; };
		BB10BB022A49E199003C91E4 /* Base */ = {isa = PBXFileReference; lastKnownFileType = file.storyboard; name = Base; path = Base.lproj/LaunchScreen.storyboard; sourceTree = "<group>"; };
		BB10BB042A49E199003C91E4 /* Info.plist */ = {isa = PBXFileReference; lastKnownFileType = text.plist.xml; path = Info.plist; sourceTree = "<group>"; };
		BB10BB092A49E199003C91E4 /* MBNTests.xctest */ = {isa = PBXFileReference; explicitFileType = wrapper.cfbundle; includeInIndex = 0; path = MBNTests.xctest; sourceTree = BUILT_PRODUCTS_DIR; };
		BB10BB0D2A49E199003C91E4 /* MBNTests.swift */ = {isa = PBXFileReference; lastKnownFileType = sourcecode.swift; path = MBNTests.swift; sourceTree = "<group>"; };
		BB10BB392A4B3C5E003C91E4 /* Hinario.swift */ = {isa = PBXFileReference; lastKnownFileType = sourcecode.swift; path = Hinario.swift; sourceTree = "<group>"; };
		BB10BB3E2A4B4013003C91E4 /* HinarioDataLoader.swift */ = {isa = PBXFileReference; lastKnownFileType = sourcecode.swift; path = HinarioDataLoader.swift; sourceTree = "<group>"; };
		BB10BB402A4B470A003C91E4 /* hinarioJSON.json */ = {isa = PBXFileReference; fileEncoding = 4; lastKnownFileType = text.json; path = hinarioJSON.json; sourceTree = "<group>"; };
		BB10BB422A4B5AD6003C91E4 /* protocols.swift */ = {isa = PBXFileReference; lastKnownFileType = sourcecode.swift; path = protocols.swift; sourceTree = "<group>"; };
		BB10BB462A4C8594003C91E4 /* Paragraph.swift */ = {isa = PBXFileReference; lastKnownFileType = sourcecode.swift; path = Paragraph.swift; sourceTree = "<group>"; };
/* End PBXFileReference section */

/* Begin PBXFrameworksBuildPhase section */
		BB10BAF02A49E198003C91E4 /* Frameworks */ = {
			isa = PBXFrameworksBuildPhase;
			buildActionMask = 2147483647;
			files = (
			);
			runOnlyForDeploymentPostprocessing = 0;
		};
		BB10BB062A49E199003C91E4 /* Frameworks */ = {
			isa = PBXFrameworksBuildPhase;
			buildActionMask = 2147483647;
			files = (
			);
			runOnlyForDeploymentPostprocessing = 0;
		};
/* End PBXFrameworksBuildPhase section */

/* Begin PBXGroup section */
		BB10BAEA2A49E198003C91E4 = {
			isa = PBXGroup;
			children = (
				BB10BAF52A49E198003C91E4 /* MBN */,
				BB10BB0C2A49E199003C91E4 /* MBNTests */,
				BB10BAF42A49E198003C91E4 /* Products */,
			);
			sourceTree = "<group>";
		};
		BB10BAF42A49E198003C91E4 /* Products */ = {
			isa = PBXGroup;
			children = (
				BB10BAF32A49E198003C91E4 /* MBN.app */,
				BB10BB092A49E199003C91E4 /* MBNTests.xctest */,
			);
			name = Products;
			sourceTree = "<group>";
		};
		BB10BAF52A49E198003C91E4 /* MBN */ = {
			isa = PBXGroup;
			children = (
				BB10BB3D2A4B3FFC003C91E4 /* Utils */,
				BB10BB3B2A4B3CDD003C91E4 /* Source */,
				BB10BB362A4A5BE6003C91E4 /* Model */,
				BB10BB352A4A5BDE003C91E4 /* View */,
				BB10BB342A4A5BDA003C91E4 /* Controller */,
				BB10BB332A4A5BAF003C91E4 /* Supporting */,
				BB10BB042A49E199003C91E4 /* Info.plist */,
			);
			path = MBN;
			sourceTree = "<group>";
		};
		BB10BB0C2A49E199003C91E4 /* MBNTests */ = {
			isa = PBXGroup;
			children = (
				BB10BB0D2A49E199003C91E4 /* MBNTests.swift */,
			);
			path = MBNTests;
			sourceTree = "<group>";
		};
		BB10BB332A4A5BAF003C91E4 /* Supporting */ = {
			isa = PBXGroup;
			children = (
				BB10BAF62A49E198003C91E4 /* AppDelegate.swift */,
				BB10BAF82A49E198003C91E4 /* SceneDelegate.swift */,
				BB10BAFF2A49E199003C91E4 /* Assets.xcassets */,
			);
			path = Supporting;
			sourceTree = "<group>";
		};
		BB10BB342A4A5BDA003C91E4 /* Controller */ = {
			isa = PBXGroup;
			children = (
				BB10BAFA2A49E198003C91E4 /* SearchController.swift */,
			);
			path = Controller;
			sourceTree = "<group>";
		};
		BB10BB352A4A5BDE003C91E4 /* View */ = {
			isa = PBXGroup;
			children = (
				BB10BB012A49E199003C91E4 /* LaunchScreen.storyboard */,
			);
			path = View;
			sourceTree = "<group>";
		};
		BB10BB362A4A5BE6003C91E4 /* Model */ = {
			isa = PBXGroup;
			children = (
				BB10BB392A4B3C5E003C91E4 /* Hinario.swift */,
				BB10BB462A4C8594003C91E4 /* Paragraph.swift */,
			);
			path = Model;
			sourceTree = "<group>";
		};
		BB10BB3B2A4B3CDD003C91E4 /* Source */ = {
			isa = PBXGroup;
			children = (
				BB10BB402A4B470A003C91E4 /* hinarioJSON.json */,
			);
			path = Source;
			sourceTree = "<group>";
		};
		BB10BB3D2A4B3FFC003C91E4 /* Utils */ = {
			isa = PBXGroup;
			children = (
				BB10BB3E2A4B4013003C91E4 /* HinarioDataLoader.swift */,
				BB10BB422A4B5AD6003C91E4 /* protocols.swift */,
			);
			path = Utils;
			sourceTree = "<group>";
		};
/* End PBXGroup section */

/* Begin PBXNativeTarget section */
		BB10BAF22A49E198003C91E4 /* MBN */ = {
			isa = PBXNativeTarget;
			buildConfigurationList = BB10BB1D2A49E199003C91E4 /* Build configuration list for PBXNativeTarget "MBN" */;
			buildPhases = (
				BB10BAEF2A49E198003C91E4 /* Sources */,
				BB10BAF02A49E198003C91E4 /* Frameworks */,
				BB10BAF12A49E198003C91E4 /* Resources */,
			);
			buildRules = (
			);
			dependencies = (
			);
			name = MBN;
			productName = MBN;
			productReference = BB10BAF32A49E198003C91E4 /* MBN.app */;
			productType = "com.apple.product-type.application";
		};
		BB10BB082A49E199003C91E4 /* MBNTests */ = {
			isa = PBXNativeTarget;
			buildConfigurationList = BB10BB202A49E199003C91E4 /* Build configuration list for PBXNativeTarget "MBNTests" */;
			buildPhases = (
				BB10BB052A49E199003C91E4 /* Sources */,
				BB10BB062A49E199003C91E4 /* Frameworks */,
				BB10BB072A49E199003C91E4 /* Resources */,
			);
			buildRules = (
			);
			dependencies = (
				BB10BB0B2A49E199003C91E4 /* PBXTargetDependency */,
			);
			name = MBNTests;
			productName = MBNTests;
			productReference = BB10BB092A49E199003C91E4 /* MBNTests.xctest */;
			productType = "com.apple.product-type.bundle.unit-test";
		};
/* End PBXNativeTarget section */

/* Begin PBXProject section */
		BB10BAEB2A49E198003C91E4 /* Project object */ = {
			isa = PBXProject;
			attributes = {
				BuildIndependentTargetsInParallel = 1;
				LastSwiftUpdateCheck = 1430;
				LastUpgradeCheck = 1430;
				TargetAttributes = {
					BB10BAF22A49E198003C91E4 = {
						CreatedOnToolsVersion = 14.3;
					};
					BB10BB082A49E199003C91E4 = {
						CreatedOnToolsVersion = 14.3;
						TestTargetID = BB10BAF22A49E198003C91E4;
					};
				};
			};
			buildConfigurationList = BB10BAEE2A49E198003C91E4 /* Build configuration list for PBXProject "MBN" */;
			compatibilityVersion = "Xcode 14.0";
			developmentRegion = en;
			hasScannedForEncodings = 0;
			knownRegions = (
				en,
				Base,
			);
			mainGroup = BB10BAEA2A49E198003C91E4;
			productRefGroup = BB10BAF42A49E198003C91E4 /* Products */;
			projectDirPath = "";
			projectRoot = "";
			targets = (
				BB10BAF22A49E198003C91E4 /* MBN */,
				BB10BB082A49E199003C91E4 /* MBNTests */,
			);
		};
/* End PBXProject section */

/* Begin PBXResourcesBuildPhase section */
		BB10BAF12A49E198003C91E4 /* Resources */ = {
			isa = PBXResourcesBuildPhase;
			buildActionMask = 2147483647;
			files = (
				BB10BB032A49E199003C91E4 /* LaunchScreen.storyboard in Resources */,
				BB10BB412A4B470A003C91E4 /* hinarioJSON.json in Resources */,
				BB10BB002A49E199003C91E4 /* Assets.xcassets in Resources */,
			);
			runOnlyForDeploymentPostprocessing = 0;
		};
		BB10BB072A49E199003C91E4 /* Resources */ = {
			isa = PBXResourcesBuildPhase;
			buildActionMask = 2147483647;
			files = (
			);
			runOnlyForDeploymentPostprocessing = 0;
		};
/* End PBXResourcesBuildPhase section */

/* Begin PBXSourcesBuildPhase section */
		BB10BAEF2A49E198003C91E4 /* Sources */ = {
			isa = PBXSourcesBuildPhase;
			buildActionMask = 2147483647;
			files = (
				BB10BAFB2A49E198003C91E4 /* SearchController.swift in Sources */,
				BB10BAF72A49E198003C91E4 /* AppDelegate.swift in Sources */,
				BB10BB3A2A4B3C5E003C91E4 /* Hinario.swift in Sources */,
				BB10BB432A4B5AD6003C91E4 /* protocols.swift in Sources */,
				BB10BB472A4C8594003C91E4 /* Paragraph.swift in Sources */,
				BB10BAF92A49E198003C91E4 /* SceneDelegate.swift in Sources */,
				BB10BB3F2A4B4013003C91E4 /* HinarioDataLoader.swift in Sources */,
			);
			runOnlyForDeploymentPostprocessing = 0;
		};
		BB10BB052A49E199003C91E4 /* Sources */ = {
			isa = PBXSourcesBuildPhase;
			buildActionMask = 2147483647;
			files = (
				BB10BB0E2A49E199003C91E4 /* MBNTests.swift in Sources */,
			);
			runOnlyForDeploymentPostprocessing = 0;
		};
/* End PBXSourcesBuildPhase section */

/* Begin PBXTargetDependency section */
		BB10BB0B2A49E199003C91E4 /* PBXTargetDependency */ = {
			isa = PBXTargetDependency;
			target = BB10BAF22A49E198003C91E4 /* MBN */;
			targetProxy = BB10BB0A2A49E199003C91E4 /* PBXContainerItemProxy */;
		};
/* End PBXTargetDependency section */

/* Begin PBXVariantGroup section */
		BB10BB012A49E199003C91E4 /* LaunchScreen.storyboard */ = {
			isa = PBXVariantGroup;
			children = (
				BB10BB022A49E199003C91E4 /* Base */,
			);
			name = LaunchScreen.storyboard;
			sourceTree = "<group>";
		};
/* End PBXVariantGroup section */

/* Begin XCBuildConfiguration section */
		BB10BB1B2A49E199003C91E4 /* Debug */ = {
			isa = XCBuildConfiguration;
			buildSettings = {
				ALWAYS_SEARCH_USER_PATHS = NO;
				CLANG_ANALYZER_NONNULL = YES;
				CLANG_ANALYZER_NUMBER_OBJECT_CONVERSION = YES_AGGRESSIVE;
				CLANG_CXX_LANGUAGE_STANDARD = "gnu++20";
				CLANG_ENABLE_MODULES = YES;
				CLANG_ENABLE_OBJC_ARC = YES;
				CLANG_ENABLE_OBJC_WEAK = YES;
				CLANG_WARN_BLOCK_CAPTURE_AUTORELEASING = YES;
				CLANG_WARN_BOOL_CONVERSION = YES;
				CLANG_WARN_COMMA = YES;
				CLANG_WARN_CONSTANT_CONVERSION = YES;
				CLANG_WARN_DEPRECATED_OBJC_IMPLEMENTATIONS = YES;
				CLANG_WARN_DIRECT_OBJC_ISA_USAGE = YES_ERROR;
				CLANG_WARN_DOCUMENTATION_COMMENTS = YES;
				CLANG_WARN_EMPTY_BODY = YES;
				CLANG_WARN_ENUM_CONVERSION = YES;
				CLANG_WARN_INFINITE_RECURSION = YES;
				CLANG_WARN_INT_CONVERSION = YES;
				CLANG_WARN_NON_LITERAL_NULL_CONVERSION = YES;
				CLANG_WARN_OBJC_IMPLICIT_RETAIN_SELF = YES;
				CLANG_WARN_OBJC_LITERAL_CONVERSION = YES;
				CLANG_WARN_OBJC_ROOT_CLASS = YES_ERROR;
				CLANG_WARN_QUOTED_INCLUDE_IN_FRAMEWORK_HEADER = YES;
				CLANG_WARN_RANGE_LOOP_ANALYSIS = YES;
				CLANG_WARN_STRICT_PROTOTYPES = YES;
				CLANG_WARN_SUSPICIOUS_MOVE = YES;
				CLANG_WARN_UNGUARDED_AVAILABILITY = YES_AGGRESSIVE;
				CLANG_WARN_UNREACHABLE_CODE = YES;
				CLANG_WARN__DUPLICATE_METHOD_MATCH = YES;
				COPY_PHASE_STRIP = NO;
				DEBUG_INFORMATION_FORMAT = dwarf;
				ENABLE_STRICT_OBJC_MSGSEND = YES;
				ENABLE_TESTABILITY = YES;
				GCC_C_LANGUAGE_STANDARD = gnu11;
				GCC_DYNAMIC_NO_PIC = NO;
				GCC_NO_COMMON_BLOCKS = YES;
				GCC_OPTIMIZATION_LEVEL = 0;
				GCC_PREPROCESSOR_DEFINITIONS = (
					"DEBUG=1",
					"$(inherited)",
				);
				GCC_WARN_64_TO_32_BIT_CONVERSION = YES;
				GCC_WARN_ABOUT_RETURN_TYPE = YES_ERROR;
				GCC_WARN_UNDECLARED_SELECTOR = YES;
				GCC_WARN_UNINITIALIZED_AUTOS = YES_AGGRESSIVE;
				GCC_WARN_UNUSED_FUNCTION = YES;
				GCC_WARN_UNUSED_VARIABLE = YES;
				IPHONEOS_DEPLOYMENT_TARGET = 16.4;
				MTL_ENABLE_DEBUG_INFO = INCLUDE_SOURCE;
				MTL_FAST_MATH = YES;
				ONLY_ACTIVE_ARCH = YES;
				SDKROOT = iphoneos;
				SWIFT_ACTIVE_COMPILATION_CONDITIONS = DEBUG;
				SWIFT_OPTIMIZATION_LEVEL = "-Onone";
			};
			name = Debug;
		};
		BB10BB1C2A49E199003C91E4 /* Release */ = {
			isa = XCBuildConfiguration;
			buildSettings = {
				ALWAYS_SEARCH_USER_PATHS = NO;
				CLANG_ANALYZER_NONNULL = YES;
				CLANG_ANALYZER_NUMBER_OBJECT_CONVERSION = YES_AGGRESSIVE;
				CLANG_CXX_LANGUAGE_STANDARD = "gnu++20";
				CLANG_ENABLE_MODULES = YES;
				CLANG_ENABLE_OBJC_ARC = YES;
				CLANG_ENABLE_OBJC_WEAK = YES;
				CLANG_WARN_BLOCK_CAPTURE_AUTORELEASING = YES;
				CLANG_WARN_BOOL_CONVERSION = YES;
				CLANG_WARN_COMMA = YES;
				CLANG_WARN_CONSTANT_CONVERSION = YES;
				CLANG_WARN_DEPRECATED_OBJC_IMPLEMENTATIONS = YES;
				CLANG_WARN_DIRECT_OBJC_ISA_USAGE = YES_ERROR;
				CLANG_WARN_DOCUMENTATION_COMMENTS = YES;
				CLANG_WARN_EMPTY_BODY = YES;
				CLANG_WARN_ENUM_CONVERSION = YES;
				CLANG_WARN_INFINITE_RECURSION = YES;
				CLANG_WARN_INT_CONVERSION = YES;
				CLANG_WARN_NON_LITERAL_NULL_CONVERSION = YES;
				CLANG_WARN_OBJC_IMPLICIT_RETAIN_SELF = YES;
				CLANG_WARN_OBJC_LITERAL_CONVERSION = YES;
				CLANG_WARN_OBJC_ROOT_CLASS = YES_ERROR;
				CLANG_WARN_QUOTED_INCLUDE_IN_FRAMEWORK_HEADER = YES;
				CLANG_WARN_RANGE_LOOP_ANALYSIS = YES;
				CLANG_WARN_STRICT_PROTOTYPES = YES;
				CLANG_WARN_SUSPICIOUS_MOVE = YES;
				CLANG_WARN_UNGUARDED_AVAILABILITY = YES_AGGRESSIVE;
				CLANG_WARN_UNREACHABLE_CODE = YES;
				CLANG_WARN__DUPLICATE_METHOD_MATCH = YES;
				COPY_PHASE_STRIP = NO;
				DEBUG_INFORMATION_FORMAT = "dwarf-with-dsym";
				ENABLE_NS_ASSERTIONS = NO;
				ENABLE_STRICT_OBJC_MSGSEND = YES;
				GCC_C_LANGUAGE_STANDARD = gnu11;
				GCC_NO_COMMON_BLOCKS = YES;
				GCC_WARN_64_TO_32_BIT_CONVERSION = YES;
				GCC_WARN_ABOUT_RETURN_TYPE = YES_ERROR;
				GCC_WARN_UNDECLARED_SELECTOR = YES;
				GCC_WARN_UNINITIALIZED_AUTOS = YES_AGGRESSIVE;
				GCC_WARN_UNUSED_FUNCTION = YES;
				GCC_WARN_UNUSED_VARIABLE = YES;
				IPHONEOS_DEPLOYMENT_TARGET = 16.4;
				MTL_ENABLE_DEBUG_INFO = NO;
				MTL_FAST_MATH = YES;
				SDKROOT = iphoneos;
				SWIFT_COMPILATION_MODE = wholemodule;
				SWIFT_OPTIMIZATION_LEVEL = "-O";
				VALIDATE_PRODUCT = YES;
			};
			name = Release;
		};
		BB10BB1E2A49E199003C91E4 /* Debug */ = {
			isa = XCBuildConfiguration;
			buildSettings = {
				ASSETCATALOG_COMPILER_APPICON_NAME = AppIcon;
				ASSETCATALOG_COMPILER_GLOBAL_ACCENT_COLOR_NAME = AccentColor;
				CODE_SIGN_STYLE = Automatic;
				CURRENT_PROJECT_VERSION = 1;
				DEVELOPMENT_TEAM = UFS93RKF34;
				GENERATE_INFOPLIST_FILE = YES;
				INFOPLIST_FILE = MBN/Info.plist;
				INFOPLIST_KEY_UIApplicationSupportsIndirectInputEvents = YES;
				INFOPLIST_KEY_UILaunchStoryboardName = LaunchScreen;
				INFOPLIST_KEY_UISupportedInterfaceOrientations_iPad = "UIInterfaceOrientationPortrait UIInterfaceOrientationPortraitUpsideDown UIInterfaceOrientationLandscapeLeft UIInterfaceOrientationLandscapeRight";
				INFOPLIST_KEY_UISupportedInterfaceOrientations_iPhone = "UIInterfaceOrientationPortrait UIInterfaceOrientationLandscapeLeft UIInterfaceOrientationLandscapeRight";
				LD_RUNPATH_SEARCH_PATHS = (
					"$(inherited)",
					"@executable_path/Frameworks",
				);
				MARKETING_VERSION = 1.0;
				PRODUCT_BUNDLE_IDENTIFIER = com.phsouza.MBN;
				PRODUCT_NAME = "$(TARGET_NAME)";
				SWIFT_EMIT_LOC_STRINGS = YES;
				SWIFT_VERSION = 5.0;
				TARGETED_DEVICE_FAMILY = "1,2";
			};
			name = Debug;
		};
		BB10BB1F2A49E199003C91E4 /* Release */ = {
			isa = XCBuildConfiguration;
			buildSettings = {
				ASSETCATALOG_COMPILER_APPICON_NAME = AppIcon;
				ASSETCATALOG_COMPILER_GLOBAL_ACCENT_COLOR_NAME = AccentColor;
				CODE_SIGN_STYLE = Automatic;
				CURRENT_PROJECT_VERSION = 1;
				DEVELOPMENT_TEAM = UFS93RKF34;
				GENERATE_INFOPLIST_FILE = YES;
				INFOPLIST_FILE = MBN/Info.plist;
				INFOPLIST_KEY_UIApplicationSupportsIndirectInputEvents = YES;
				INFOPLIST_KEY_UILaunchStoryboardName = LaunchScreen;
				INFOPLIST_KEY_UISupportedInterfaceOrientations_iPad = "UIInterfaceOrientationPortrait UIInterfaceOrientationPortraitUpsideDown UIInterfaceOrientationLandscapeLeft UIInterfaceOrientationLandscapeRight";
				INFOPLIST_KEY_UISupportedInterfaceOrientations_iPhone = "UIInterfaceOrientationPortrait UIInterfaceOrientationLandscapeLeft UIInterfaceOrientationLandscapeRight";
				LD_RUNPATH_SEARCH_PATHS = (
					"$(inherited)",
					"@executable_path/Frameworks",
				);
				MARKETING_VERSION = 1.0;
				PRODUCT_BUNDLE_IDENTIFIER = com.phsouza.MBN;
				PRODUCT_NAME = "$(TARGET_NAME)";
				SWIFT_EMIT_LOC_STRINGS = YES;
				SWIFT_VERSION = 5.0;
				TARGETED_DEVICE_FAMILY = "1,2";
			};
			name = Release;
		};
		BB10BB212A49E199003C91E4 /* Debug */ = {
			isa = XCBuildConfiguration;
			buildSettings = {
				ALWAYS_EMBED_SWIFT_STANDARD_LIBRARIES = YES;
				BUNDLE_LOADER = "$(TEST_HOST)";
				CODE_SIGN_STYLE = Automatic;
				CURRENT_PROJECT_VERSION = 1;
				DEVELOPMENT_TEAM = UFS93RKF34;
				GENERATE_INFOPLIST_FILE = YES;
				IPHONEOS_DEPLOYMENT_TARGET = 16.4;
				MARKETING_VERSION = 1.0;
				PRODUCT_BUNDLE_IDENTIFIER = com.phsouza.MBNTests;
				PRODUCT_NAME = "$(TARGET_NAME)";
				SWIFT_EMIT_LOC_STRINGS = NO;
				SWIFT_VERSION = 5.0;
				TARGETED_DEVICE_FAMILY = "1,2";
				TEST_HOST = "$(BUILT_PRODUCTS_DIR)/MBN.app/$(BUNDLE_EXECUTABLE_FOLDER_PATH)/MBN";
			};
			name = Debug;
		};
		BB10BB222A49E199003C91E4 /* Release */ = {
			isa = XCBuildConfiguration;
			buildSettings = {
				ALWAYS_EMBED_SWIFT_STANDARD_LIBRARIES = YES;
				BUNDLE_LOADER = "$(TEST_HOST)";
				CODE_SIGN_STYLE = Automatic;
				CURRENT_PROJECT_VERSION = 1;
				DEVELOPMENT_TEAM = UFS93RKF34;
				GENERATE_INFOPLIST_FILE = YES;
				IPHONEOS_DEPLOYMENT_TARGET = 16.4;
				MARKETING_VERSION = 1.0;
				PRODUCT_BUNDLE_IDENTIFIER = com.phsouza.MBNTests;
				PRODUCT_NAME = "$(TARGET_NAME)";
				SWIFT_EMIT_LOC_STRINGS = NO;
				SWIFT_VERSION = 5.0;
				TARGETED_DEVICE_FAMILY = "1,2";
				TEST_HOST = "$(BUILT_PRODUCTS_DIR)/MBN.app/$(BUNDLE_EXECUTABLE_FOLDER_PATH)/MBN";
			};
			name = Release;
		};
/* End XCBuildConfiguration section */

/* Begin XCConfigurationList section */
		BB10BAEE2A49E198003C91E4 /* Build configuration list for PBXProject "MBN" */ = {
			isa = XCConfigurationList;
			buildConfigurations = (
				BB10BB1B2A49E199003C91E4 /* Debug */,
				BB10BB1C2A49E199003C91E4 /* Release */,
			);
			defaultConfigurationIsVisible = 0;
			defaultConfigurationName = Release;
		};
		BB10BB1D2A49E199003C91E4 /* Build configuration list for PBXNativeTarget "MBN" */ = {
			isa = XCConfigurationList;
			buildConfigurations = (
				BB10BB1E2A49E199003C91E4 /* Debug */,
				BB10BB1F2A49E199003C91E4 /* Release */,
			);
			defaultConfigurationIsVisible = 0;
			defaultConfigurationName = Release;
		};
		BB10BB202A49E199003C91E4 /* Build configuration list for PBXNativeTarget "MBNTests" */ = {
			isa = XCConfigurationList;
			buildConfigurations = (
				BB10BB212A49E199003C91E4 /* Debug */,
				BB10BB222A49E199003C91E4 /* Release */,
			);
			defaultConfigurationIsVisible = 0;
			defaultConfigurationName = Release;
		};
/* End XCConfigurationList section */
	};
	rootObject = BB10BAEB2A49E198003C91E4 /* Project object */;
}
